{
  "object": {
    "pins": [
      {
        "package": "Yoga",
        "repositoryURL": "https://github.com/pmacro/Yoga",
        "state": {
          "branch": "master",
          "revision": "4d01700b15763f62b210616252c6ddba2237d72a",
          "version": null
        }
      }
    ]
  },
  "version": 1
}
